
Microsoft Visual Studio Solution File, Format Version 12.00
# Visual Studio Version 16
VisualStudioVersion = 16.0.30011.22
MinimumVisualStudioVersion = 10.0.40219.1
Project("{FAE04EC0-301F-11D3-BF4B-00C04F79EFBC}") = "BinarySearchTree", "BinarySearchTree.csproj", "{0EEC1DA9-C858-46DA-B42C-D2A7AB38FCA3}"
EndProject
Global
	GlobalSection(SolutionConfigurationPlatforms) = preSolution
		Debug|Any CPU = Debug|Any CPU
		Release|Any CPU = Release|Any CPU
	EndGlobalSection
	GlobalSection(ProjectConfigurationPlatforms) = postSolution
		{0EEC1DA9-C858-46DA-B42C-D2A7AB38FCA3}.Debug|Any CPU.ActiveCfg = Debug|Any CPU
		{0EEC1DA9-C858-46DA-B42C-D2A7AB38FCA3}.Debug|Any CPU.Build.0 = Debug|Any CPU
		{0EEC1DA9-C858-46DA-B42C-D2A7AB38FCA3}.Release|Any CPU.ActiveCfg = Release|Any CPU
		{0EEC1DA9-C858-46DA-B42C-D2A7AB38FCA3}.Release|Any CPU.Build.0 = Release|Any CPU
	EndGlobalSection
	GlobalSection(SolutionProperties) = preSolution
		HideSolutionNode = FALSE
	EndGlobalSection
	GlobalSection(ExtensibilityGlobals) = postSolution
		SolutionGuid = {8634B492-5A21-4E56-BD1F-DB51F6713DE0}
	EndGlobalSection
EndGlobal
